
Microsoft Visual Studio Solution File, Format Version 12.00
# Visual Studio Version 17
VisualStudioVersion = 17.13.35931.197 d17.13
MinimumVisualStudioVersion = 10.0.40219.1
Project("{FAE04EC0-301F-11D3-BF4B-00C04F79EFBC}") = "KICKBLAST01", "KICKBLAST01\KICKBLAST01.csproj", "{61B0C984-130B-4A03-B518-5A8B2691EC6D}"
EndProject
Global
	GlobalSection(SolutionConfigurationPlatforms) = preSolution
		Debug|Any CPU = Debug|Any CPU
		Release|Any CPU = Release|Any CPU
	EndGlobalSection
	GlobalSection(ProjectConfigurationPlatforms) = postSolution
		{61B0C984-130B-4A03-B518-5A8B2691EC6D}.Debug|Any CPU.ActiveCfg = Debug|Any CPU
		{61B0C984-130B-4A03-B518-5A8B2691EC6D}.Debug|Any CPU.Build.0 = Debug|Any CPU
		{61B0C984-130B-4A03-B518-5A8B2691EC6D}.Release|Any CPU.ActiveCfg = Release|Any CPU
		{61B0C984-130B-4A03-B518-5A8B2691EC6D}.Release|Any CPU.Build.0 = Release|Any CPU
	EndGlobalSection
	GlobalSection(SolutionProperties) = preSolution
		HideSolutionNode = FALSE
	EndGlobalSection
	GlobalSection(ExtensibilityGlobals) = postSolution
		SolutionGuid = {7C9E5B61-81B5-409D-B6CA-45D081A778D8}
	EndGlobalSection
EndGlobal
